// !$*UTF8*$!
{
	archiveVersion = 1;
	classes = {
	};
	objectVersion = 55;
	objects = {

/* Begin PBXBuildFile section */
		6282F77827D8AA6D006AC025 /* main.swift in Sources */ = {isa = PBXBuildFile; fileRef = 6282F76D27D8A9FE006AC025 /* main.swift */; };
/* End PBXBuildFile section */

/* Begin PBXCopyFilesBuildPhase section */
		6282F76827D8A9FE006AC025 /* CopyFiles */ = {
			isa = PBXCopyFilesBuildPhase;
			buildActionMask = 2147483647;
			dstPath = /usr/share/man/man1/;
			dstSubfolderSpec = 0;
			files = (
			);
			runOnlyForDeploymentPostprocessing = 1;
		};
/* End PBXCopyFilesBuildPhase section */

/* Begin PBXFileReference section */
		622B77AF27E31D6E0033C7C2 /* 땅따먹기.swift */ = {isa = PBXFileReference; lastKnownFileType = sourcecode.swift; path = "땅따먹기.swift"; sourceTree = "<group>"; };
		623E732227DB722800C2FEBF /* 피보나치수.swift */ = {isa = PBXFileReference; lastKnownFileType = sourcecode.swift; path = "피보나치수.swift"; sourceTree = "<group>"; };
		623E732527DB72CB00C2FEBF /* 행렬의곱셈.swift */ = {isa = PBXFileReference; fileEncoding = 4; lastKnownFileType = sourcecode.swift; path = "행렬의곱셈.swift"; sourceTree = "<group>"; };
		623E732727DB72E400C2FEBF /* JadenCase문자열만들기.swift */ = {isa = PBXFileReference; fileEncoding = 4; lastKnownFileType = sourcecode.swift; path = "JadenCase문자열만들기.swift"; sourceTree = "<group>"; };
		625C837D27E0A74200784FA5 /* 숫자의표현.swift */ = {isa = PBXFileReference; lastKnownFileType = sourcecode.swift; path = "숫자의표현.swift"; sourceTree = "<group>"; };
		62812FEE27E8053300AB6C4A /* 방문길이.swift */ = {isa = PBXFileReference; lastKnownFileType = sourcecode.swift; path = "방문길이.swift"; sourceTree = "<group>"; };
		6282F76A27D8A9FE006AC025 /* Swift_Code */ = {isa = PBXFileReference; explicitFileType = "compiled.mach-o.executable"; includeInIndex = 0; path = Swift_Code; sourceTree = BUILT_PRODUCTS_DIR; };
		6282F76D27D8A9FE006AC025 /* main.swift */ = {isa = PBXFileReference; lastKnownFileType = sourcecode.swift; path = main.swift; sourceTree = "<group>"; };
		6282F77427D8AA25006AC025 /* N개의최소공배수.swift */ = {isa = PBXFileReference; lastKnownFileType = sourcecode.swift; path = "N개의최소공배수.swift"; sourceTree = "<group>"; };
		62DEEC3C27E4497700B6AA84 /* 다음큰숫자.swift */ = {isa = PBXFileReference; lastKnownFileType = sourcecode.swift; path = "다음큰숫자.swift"; sourceTree = "<group>"; };
		62DEEC3E27E45A0500B6AA84 /* 올바른괄호.swift */ = {isa = PBXFileReference; lastKnownFileType = sourcecode.swift; path = "올바른괄호.swift"; sourceTree = "<group>"; };
		62DEEC3F27E4AB5A00B6AA84 /* 가장큰정사각형.swift */ = {isa = PBXFileReference; lastKnownFileType = sourcecode.swift; path = "가장큰정사각형.swift"; sourceTree = "<group>"; };
		62F98E7927DF3C46005D773A /* 최솟값만들기.swift */ = {isa = PBXFileReference; lastKnownFileType = sourcecode.swift; path = "최솟값만들기.swift"; sourceTree = "<group>"; };
		62F98E7B27DF5340005D773A /* 최댓값과최솟값.swift */ = {isa = PBXFileReference; lastKnownFileType = sourcecode.swift; path = "최댓값과최솟값.swift"; sourceTree = "<group>"; };
/* End PBXFileReference section */

/* Begin PBXFrameworksBuildPhase section */
		6282F76727D8A9FE006AC025 /* Frameworks */ = {
			isa = PBXFrameworksBuildPhase;
			buildActionMask = 2147483647;
			files = (
			);
			runOnlyForDeploymentPostprocessing = 0;
		};
/* End PBXFrameworksBuildPhase section */

/* Begin PBXGroup section */
		6282F76127D8A9FE006AC025 = {
			isa = PBXGroup;
			children = (
				6282F76C27D8A9FE006AC025 /* Swift_Code */,
				6282F76B27D8A9FE006AC025 /* Products */,
			);
			sourceTree = "<group>";
		};
		6282F76B27D8A9FE006AC025 /* Products */ = {
			isa = PBXGroup;
			children = (
				6282F76A27D8A9FE006AC025 /* Swift_Code */,
			);
			name = Products;
			sourceTree = "<group>";
		};
		6282F76C27D8A9FE006AC025 /* Swift_Code */ = {
			isa = PBXGroup;
			children = (
				6282F76D27D8A9FE006AC025 /* main.swift */,
				62DEEC3E27E45A0500B6AA84 /* 올바른괄호.swift */,
				62F98E7B27DF5340005D773A /* 최댓값과최솟값.swift */,
				6282F77427D8AA25006AC025 /* N개의최소공배수.swift */,
				623E732227DB722800C2FEBF /* 피보나치수.swift */,
				623E732527DB72CB00C2FEBF /* 행렬의곱셈.swift */,
				623E732727DB72E400C2FEBF /* JadenCase문자열만들기.swift */,
				62F98E7927DF3C46005D773A /* 최솟값만들기.swift */,
				625C837D27E0A74200784FA5 /* 숫자의표현.swift */,
				622B77AF27E31D6E0033C7C2 /* 땅따먹기.swift */,
				62DEEC3C27E4497700B6AA84 /* 다음큰숫자.swift */,
				62DEEC3F27E4AB5A00B6AA84 /* 가장큰정사각형.swift */,
				62812FEE27E8053300AB6C4A /* 방문길이.swift */,
			);
			path = Swift_Code;
			sourceTree = "<group>";
		};
/* End PBXGroup section */

/* Begin PBXNativeTarget section */
		6282F76927D8A9FE006AC025 /* Swift_Code */ = {
			isa = PBXNativeTarget;
			buildConfigurationList = 6282F77127D8A9FE006AC025 /* Build configuration list for PBXNativeTarget "Swift_Code" */;
			buildPhases = (
				6282F76627D8A9FE006AC025 /* Sources */,
				6282F76727D8A9FE006AC025 /* Frameworks */,
				6282F76827D8A9FE006AC025 /* CopyFiles */,
			);
			buildRules = (
			);
			dependencies = (
			);
			name = Swift_Code;
			productName = Swift_Code;
			productReference = 6282F76A27D8A9FE006AC025 /* Swift_Code */;
			productType = "com.apple.product-type.tool";
		};
/* End PBXNativeTarget section */

/* Begin PBXProject section */
		6282F76227D8A9FE006AC025 /* Project object */ = {
			isa = PBXProject;
			attributes = {
				BuildIndependentTargetsInParallel = 1;
				LastSwiftUpdateCheck = 1320;
				LastUpgradeCheck = 1320;
				TargetAttributes = {
					6282F76927D8A9FE006AC025 = {
						CreatedOnToolsVersion = 13.2.1;
					};
				};
			};
			buildConfigurationList = 6282F76527D8A9FE006AC025 /* Build configuration list for PBXProject "Swift_Code" */;
			compatibilityVersion = "Xcode 13.0";
			developmentRegion = en;
			hasScannedForEncodings = 0;
			knownRegions = (
				en,
				Base,
			);
			mainGroup = 6282F76127D8A9FE006AC025;
			productRefGroup = 6282F76B27D8A9FE006AC025 /* Products */;
			projectDirPath = "";
			projectRoot = "";
			targets = (
				6282F76927D8A9FE006AC025 /* Swift_Code */,
			);
		};
/* End PBXProject section */

/* Begin PBXSourcesBuildPhase section */
		6282F76627D8A9FE006AC025 /* Sources */ = {
			isa = PBXSourcesBuildPhase;
			buildActionMask = 2147483647;
			files = (
				6282F77827D8AA6D006AC025 /* main.swift in Sources */,
			);
			runOnlyForDeploymentPostprocessing = 0;
		};
/* End PBXSourcesBuildPhase section */

/* Begin XCBuildConfiguration section */
		6282F76F27D8A9FE006AC025 /* Debug */ = {
			isa = XCBuildConfiguration;
			buildSettings = {
				ALWAYS_SEARCH_USER_PATHS = NO;
				CLANG_ANALYZER_NONNULL = YES;
				CLANG_ANALYZER_NUMBER_OBJECT_CONVERSION = YES_AGGRESSIVE;
				CLANG_CXX_LANGUAGE_STANDARD = "gnu++17";
				CLANG_CXX_LIBRARY = "libc++";
				CLANG_ENABLE_MODULES = YES;
				CLANG_ENABLE_OBJC_ARC = YES;
				CLANG_ENABLE_OBJC_WEAK = YES;
				CLANG_WARN_BLOCK_CAPTURE_AUTORELEASING = YES;
				CLANG_WARN_BOOL_CONVERSION = YES;
				CLANG_WARN_COMMA = YES;
				CLANG_WARN_CONSTANT_CONVERSION = YES;
				CLANG_WARN_DEPRECATED_OBJC_IMPLEMENTATIONS = YES;
				CLANG_WARN_DIRECT_OBJC_ISA_USAGE = YES_ERROR;
				CLANG_WARN_DOCUMENTATION_COMMENTS = YES;
				CLANG_WARN_EMPTY_BODY = YES;
				CLANG_WARN_ENUM_CONVERSION = YES;
				CLANG_WARN_INFINITE_RECURSION = YES;
				CLANG_WARN_INT_CONVERSION = YES;
				CLANG_WARN_NON_LITERAL_NULL_CONVERSION = YES;
				CLANG_WARN_OBJC_IMPLICIT_RETAIN_SELF = YES;
				CLANG_WARN_OBJC_LITERAL_CONVERSION = YES;
				CLANG_WARN_OBJC_ROOT_CLASS = YES_ERROR;
				CLANG_WARN_QUOTED_INCLUDE_IN_FRAMEWORK_HEADER = YES;
				CLANG_WARN_RANGE_LOOP_ANALYSIS = YES;
				CLANG_WARN_STRICT_PROTOTYPES = YES;
				CLANG_WARN_SUSPICIOUS_MOVE = YES;
				CLANG_WARN_UNGUARDED_AVAILABILITY = YES_AGGRESSIVE;
				CLANG_WARN_UNREACHABLE_CODE = YES;
				CLANG_WARN__DUPLICATE_METHOD_MATCH = YES;
				COPY_PHASE_STRIP = NO;
				DEBUG_INFORMATION_FORMAT = dwarf;
				ENABLE_STRICT_OBJC_MSGSEND = YES;
				ENABLE_TESTABILITY = YES;
				GCC_C_LANGUAGE_STANDARD = gnu11;
				GCC_DYNAMIC_NO_PIC = NO;
				GCC_NO_COMMON_BLOCKS = YES;
				GCC_OPTIMIZATION_LEVEL = 0;
				GCC_PREPROCESSOR_DEFINITIONS = (
					"DEBUG=1",
					"$(inherited)",
				);
				GCC_WARN_64_TO_32_BIT_CONVERSION = YES;
				GCC_WARN_ABOUT_RETURN_TYPE = YES_ERROR;
				GCC_WARN_UNDECLARED_SELECTOR = YES;
				GCC_WARN_UNINITIALIZED_AUTOS = YES_AGGRESSIVE;
				GCC_WARN_UNUSED_FUNCTION = YES;
				GCC_WARN_UNUSED_VARIABLE = YES;
				MACOSX_DEPLOYMENT_TARGET = 11.6;
				MTL_ENABLE_DEBUG_INFO = INCLUDE_SOURCE;
				MTL_FAST_MATH = YES;
				ONLY_ACTIVE_ARCH = YES;
				SDKROOT = macosx;
				SWIFT_ACTIVE_COMPILATION_CONDITIONS = DEBUG;
				SWIFT_OPTIMIZATION_LEVEL = "-Onone";
			};
			name = Debug;
		};
		6282F77027D8A9FE006AC025 /* Release */ = {
			isa = XCBuildConfiguration;
			buildSettings = {
				ALWAYS_SEARCH_USER_PATHS = NO;
				CLANG_ANALYZER_NONNULL = YES;
				CLANG_ANALYZER_NUMBER_OBJECT_CONVERSION = YES_AGGRESSIVE;
				CLANG_CXX_LANGUAGE_STANDARD = "gnu++17";
				CLANG_CXX_LIBRARY = "libc++";
				CLANG_ENABLE_MODULES = YES;
				CLANG_ENABLE_OBJC_ARC = YES;
				CLANG_ENABLE_OBJC_WEAK = YES;
				CLANG_WARN_BLOCK_CAPTURE_AUTORELEASING = YES;
				CLANG_WARN_BOOL_CONVERSION = YES;
				CLANG_WARN_COMMA = YES;
				CLANG_WARN_CONSTANT_CONVERSION = YES;
				CLANG_WARN_DEPRECATED_OBJC_IMPLEMENTATIONS = YES;
				CLANG_WARN_DIRECT_OBJC_ISA_USAGE = YES_ERROR;
				CLANG_WARN_DOCUMENTATION_COMMENTS = YES;
				CLANG_WARN_EMPTY_BODY = YES;
				CLANG_WARN_ENUM_CONVERSION = YES;
				CLANG_WARN_INFINITE_RECURSION = YES;
				CLANG_WARN_INT_CONVERSION = YES;
				CLANG_WARN_NON_LITERAL_NULL_CONVERSION = YES;
				CLANG_WARN_OBJC_IMPLICIT_RETAIN_SELF = YES;
				CLANG_WARN_OBJC_LITERAL_CONVERSION = YES;
				CLANG_WARN_OBJC_ROOT_CLASS = YES_ERROR;
				CLANG_WARN_QUOTED_INCLUDE_IN_FRAMEWORK_HEADER = YES;
				CLANG_WARN_RANGE_LOOP_ANALYSIS = YES;
				CLANG_WARN_STRICT_PROTOTYPES = YES;
				CLANG_WARN_SUSPICIOUS_MOVE = YES;
				CLANG_WARN_UNGUARDED_AVAILABILITY = YES_AGGRESSIVE;
				CLANG_WARN_UNREACHABLE_CODE = YES;
				CLANG_WARN__DUPLICATE_METHOD_MATCH = YES;
				COPY_PHASE_STRIP = NO;
				DEBUG_INFORMATION_FORMAT = "dwarf-with-dsym";
				ENABLE_NS_ASSERTIONS = NO;
				ENABLE_STRICT_OBJC_MSGSEND = YES;
				GCC_C_LANGUAGE_STANDARD = gnu11;
				GCC_NO_COMMON_BLOCKS = YES;
				GCC_WARN_64_TO_32_BIT_CONVERSION = YES;
				GCC_WARN_ABOUT_RETURN_TYPE = YES_ERROR;
				GCC_WARN_UNDECLARED_SELECTOR = YES;
				GCC_WARN_UNINITIALIZED_AUTOS = YES_AGGRESSIVE;
				GCC_WARN_UNUSED_FUNCTION = YES;
				GCC_WARN_UNUSED_VARIABLE = YES;
				MACOSX_DEPLOYMENT_TARGET = 11.6;
				MTL_ENABLE_DEBUG_INFO = NO;
				MTL_FAST_MATH = YES;
				SDKROOT = macosx;
				SWIFT_COMPILATION_MODE = wholemodule;
				SWIFT_OPTIMIZATION_LEVEL = "-O";
			};
			name = Release;
		};
		6282F77227D8A9FE006AC025 /* Debug */ = {
			isa = XCBuildConfiguration;
			buildSettings = {
				CODE_SIGN_STYLE = Automatic;
				PRODUCT_NAME = "$(TARGET_NAME)";
				SWIFT_VERSION = 5.0;
			};
			name = Debug;
		};
		6282F77327D8A9FE006AC025 /* Release */ = {
			isa = XCBuildConfiguration;
			buildSettings = {
				CODE_SIGN_STYLE = Automatic;
				PRODUCT_NAME = "$(TARGET_NAME)";
				SWIFT_VERSION = 5.0;
			};
			name = Release;
		};
/* End XCBuildConfiguration section */

/* Begin XCConfigurationList section */
		6282F76527D8A9FE006AC025 /* Build configuration list for PBXProject "Swift_Code" */ = {
			isa = XCConfigurationList;
			buildConfigurations = (
				6282F76F27D8A9FE006AC025 /* Debug */,
				6282F77027D8A9FE006AC025 /* Release */,
			);
			defaultConfigurationIsVisible = 0;
			defaultConfigurationName = Release;
		};
		6282F77127D8A9FE006AC025 /* Build configuration list for PBXNativeTarget "Swift_Code" */ = {
			isa = XCConfigurationList;
			buildConfigurations = (
				6282F77227D8A9FE006AC025 /* Debug */,
				6282F77327D8A9FE006AC025 /* Release */,
			);
			defaultConfigurationIsVisible = 0;
			defaultConfigurationName = Release;
		};
/* End XCConfigurationList section */
	};
	rootObject = 6282F76227D8A9FE006AC025 /* Project object */;
}
